
Microsoft Visual Studio Solution File, Format Version 12.00
# Visual Studio Version 17
VisualStudioVersion = 17.11.35312.102
MinimumVisualStudioVersion = 10.0.40219.1
Project("{FAE04EC0-301F-11D3-BF4B-00C04F79EFBC}") = "ControllersPractice", "ControllersPractice\ControllersPractice.csproj", "{2D28C415-B819-4FBD-AB81-066464840946}"
EndProject
Global
	GlobalSection(SolutionConfigurationPlatforms) = preSolution
		Debug|Any CPU = Debug|Any CPU
		Release|Any CPU = Release|Any CPU
	EndGlobalSection
	GlobalSection(ProjectConfigurationPlatforms) = postSolution
		{2D28C415-B819-4FBD-AB81-066464840946}.Debug|Any CPU.ActiveCfg = Debug|Any CPU
		{2D28C415-B819-4FBD-AB81-066464840946}.Debug|Any CPU.Build.0 = Debug|Any CPU
		{2D28C415-B819-4FBD-AB81-066464840946}.Release|Any CPU.ActiveCfg = Release|Any CPU
		{2D28C415-B819-4FBD-AB81-066464840946}.Release|Any CPU.Build.0 = Release|Any CPU
	EndGlobalSection
	GlobalSection(SolutionProperties) = preSolution
		HideSolutionNode = FALSE
	EndGlobalSection
	GlobalSection(ExtensibilityGlobals) = postSolution
		SolutionGuid = {F85CA884-A683-4158-980C-5F994AF923D0}
	EndGlobalSection
EndGlobal
